
Microsoft Visual Studio Solution File, Format Version 12.00
# Visual Studio Version 17
VisualStudioVersion = 17.14.36414.22 d17.14
MinimumVisualStudioVersion = 10.0.40219.1
Project("{FAE04EC0-301F-11D3-BF4B-00C04F79EFBC}") = "GraphAlgoritme", "GraphAlgoritme.csproj", "{346D80C7-F932-4E42-A503-A5A88D3CBF2F}"
EndProject
Global
	GlobalSection(SolutionConfigurationPlatforms) = preSolution
		Debug|Any CPU = Debug|Any CPU
		Release|Any CPU = Release|Any CPU
	EndGlobalSection
	GlobalSection(ProjectConfigurationPlatforms) = postSolution
		{346D80C7-F932-4E42-A503-A5A88D3CBF2F}.Debug|Any CPU.ActiveCfg = Debug|Any CPU
		{346D80C7-F932-4E42-A503-A5A88D3CBF2F}.Debug|Any CPU.Build.0 = Debug|Any CPU
		{346D80C7-F932-4E42-A503-A5A88D3CBF2F}.Release|Any CPU.ActiveCfg = Release|Any CPU
		{346D80C7-F932-4E42-A503-A5A88D3CBF2F}.Release|Any CPU.Build.0 = Release|Any CPU
	EndGlobalSection
	GlobalSection(SolutionProperties) = preSolution
		HideSolutionNode = FALSE
	EndGlobalSection
	GlobalSection(ExtensibilityGlobals) = postSolution
		SolutionGuid = {7CCECA84-E9A4-4015-88B6-C1022C7D58ED}
	EndGlobalSection
EndGlobal
