
Microsoft Visual Studio Solution File, Format Version 12.00
# Visual Studio Version 17
VisualStudioVersion = 17.14.36414.22 d17.14
MinimumVisualStudioVersion = 10.0.40219.1
Project("{FAE04EC0-301F-11D3-BF4B-00C04F79EFBC}") = "Astar", "Astar.csproj", "{4611395D-AE66-4555-8BB6-415B0CC5A456}"
EndProject
Global
	GlobalSection(SolutionConfigurationPlatforms) = preSolution
		Debug|Any CPU = Debug|Any CPU
		Release|Any CPU = Release|Any CPU
	EndGlobalSection
	GlobalSection(ProjectConfigurationPlatforms) = postSolution
		{4611395D-AE66-4555-8BB6-415B0CC5A456}.Debug|Any CPU.ActiveCfg = Debug|Any CPU
		{4611395D-AE66-4555-8BB6-415B0CC5A456}.Debug|Any CPU.Build.0 = Debug|Any CPU
		{4611395D-AE66-4555-8BB6-415B0CC5A456}.Release|Any CPU.ActiveCfg = Release|Any CPU
		{4611395D-AE66-4555-8BB6-415B0CC5A456}.Release|Any CPU.Build.0 = Release|Any CPU
	EndGlobalSection
	GlobalSection(SolutionProperties) = preSolution
		HideSolutionNode = FALSE
	EndGlobalSection
	GlobalSection(ExtensibilityGlobals) = postSolution
		SolutionGuid = {95ADBFB2-0E93-41CA-856D-EA35FA348178}
	EndGlobalSection
EndGlobal
